Microsoft Visual Studio Solution File, Format Version 11.00
# Visual Studio 2008

Project("{A2640CE0-3B46-5B5E-C38C-A8FBE93E39A8}") = "exploratorum", "Assembly-CSharp-firstpass.csproj", "{7039C1EA-3218-5EB8-B732-8D43C258FA6F}"
EndProject
Project("{A2640CE0-3B46-5B5E-C38C-A8FBE93E39A8}") = "exploratorum", "Assembly-CSharp.csproj", "{A50B343A-9D08-A35B-EC8B-D24258F7E22D}"
EndProject
Project("{A2640CE0-3B46-5B5E-C38C-A8FBE93E39A8}") = "exploratorum", "Assembly-CSharp-Editor.csproj", "{B93689F6-8C69-2A76-8EFF-FDA4DE0FB293}"
EndProject
Project("{A2640CE0-3B46-5B5E-C38C-A8FBE93E39A8}") = "exploratorum", "Assembly-UnityScript-firstpass.unityproj", "{8618A450-8622-FB1E-1008-3A10A31EFDB2}"
EndProject
Project("{A2640CE0-3B46-5B5E-C38C-A8FBE93E39A8}") = "exploratorum", "Assembly-UnityScript.unityproj", "{A57B03CB-2CD2-7478-7F6D-60D4CAFAA446}"
EndProject
Global
	GlobalSection(SolutionConfigurationPlatforms) = preSolution
		Debug|Any CPU = Debug|Any CPU
		Release|Any CPU = Release|Any CPU
	EndGlobalSection
	GlobalSection(ProjectConfigurationPlatforms) = postSolution
		{7039C1EA-3218-5EB8-B732-8D43C258FA6F}.Debug|Any CPU.ActiveCfg = Debug|Any CPU
		{7039C1EA-3218-5EB8-B732-8D43C258FA6F}.Debug|Any CPU.Build.0 = Debug|Any CPU
		{7039C1EA-3218-5EB8-B732-8D43C258FA6F}.Release|Any CPU.ActiveCfg = Release|Any CPU
		{7039C1EA-3218-5EB8-B732-8D43C258FA6F}.Release|Any CPU.Build.0 = Release|Any CPU
		{A50B343A-9D08-A35B-EC8B-D24258F7E22D}.Debug|Any CPU.ActiveCfg = Debug|Any CPU
		{A50B343A-9D08-A35B-EC8B-D24258F7E22D}.Debug|Any CPU.Build.0 = Debug|Any CPU
		{A50B343A-9D08-A35B-EC8B-D24258F7E22D}.Release|Any CPU.ActiveCfg = Release|Any CPU
		{A50B343A-9D08-A35B-EC8B-D24258F7E22D}.Release|Any CPU.Build.0 = Release|Any CPU
		{B93689F6-8C69-2A76-8EFF-FDA4DE0FB293}.Debug|Any CPU.ActiveCfg = Debug|Any CPU
		{B93689F6-8C69-2A76-8EFF-FDA4DE0FB293}.Debug|Any CPU.Build.0 = Debug|Any CPU
		{B93689F6-8C69-2A76-8EFF-FDA4DE0FB293}.Release|Any CPU.ActiveCfg = Release|Any CPU
		{B93689F6-8C69-2A76-8EFF-FDA4DE0FB293}.Release|Any CPU.Build.0 = Release|Any CPU
		{8618A450-8622-FB1E-1008-3A10A31EFDB2}.Debug|Any CPU.ActiveCfg = Debug|Any CPU
		{8618A450-8622-FB1E-1008-3A10A31EFDB2}.Debug|Any CPU.Build.0 = Debug|Any CPU
		{8618A450-8622-FB1E-1008-3A10A31EFDB2}.Release|Any CPU.ActiveCfg = Release|Any CPU
		{8618A450-8622-FB1E-1008-3A10A31EFDB2}.Release|Any CPU.Build.0 = Release|Any CPU
		{A57B03CB-2CD2-7478-7F6D-60D4CAFAA446}.Debug|Any CPU.ActiveCfg = Debug|Any CPU
		{A57B03CB-2CD2-7478-7F6D-60D4CAFAA446}.Debug|Any CPU.Build.0 = Debug|Any CPU
		{A57B03CB-2CD2-7478-7F6D-60D4CAFAA446}.Release|Any CPU.ActiveCfg = Release|Any CPU
		{A57B03CB-2CD2-7478-7F6D-60D4CAFAA446}.Release|Any CPU.Build.0 = Release|Any CPU
	EndGlobalSection
	GlobalSection(SolutionProperties) = preSolution
		HideSolutionNode = FALSE
	EndGlobalSection
																																																																																																																																																																																					GlobalSection(MonoDevelopProperties) = preSolution
		StartupItem = Assembly-CSharp.csproj
		Policies = $0
		$0.TextStylePolicy = $1
		$1.inheritsSet = null
		$1.scope = text/x-csharp
		$0.CSharpFormattingPolicy = $2
		$2.inheritsSet = Mono
		$2.inheritsScope = text/x-csharp
		$2.scope = text/x-csharp
		$0.TextStylePolicy = $3
		$3.FileWidth = 120
		$3.TabWidth = 4
		$3.EolMarker = Unix
		$3.inheritsSet = Mono
		$3.inheritsScope = text/plain
		$3.scope = text/plain
	EndGlobalSection

EndGlobal
